
Microsoft Visual Studio Solution File, Format Version 12.00
# Visual Studio Version 16
VisualStudioVersion = 16.0.31025.194
MinimumVisualStudioVersion = 10.0.40219.1
Project("{FAE04EC0-301F-11D3-BF4B-00C04F79EFBC}") = "List", "List\List.csproj", "{84893B76-D367-4C6E-96B1-B18AF26D9095}"
EndProject
Global
	GlobalSection(SolutionConfigurationPlatforms) = preSolution
		Debug|Any CPU = Debug|Any CPU
		Release|Any CPU = Release|Any CPU
	EndGlobalSection
	GlobalSection(ProjectConfigurationPlatforms) = postSolution
		{84893B76-D367-4C6E-96B1-B18AF26D9095}.Debug|Any CPU.ActiveCfg = Debug|Any CPU
		{84893B76-D367-4C6E-96B1-B18AF26D9095}.Debug|Any CPU.Build.0 = Debug|Any CPU
		{84893B76-D367-4C6E-96B1-B18AF26D9095}.Release|Any CPU.ActiveCfg = Release|Any CPU
		{84893B76-D367-4C6E-96B1-B18AF26D9095}.Release|Any CPU.Build.0 = Release|Any CPU
	EndGlobalSection
	GlobalSection(SolutionProperties) = preSolution
		HideSolutionNode = FALSE
	EndGlobalSection
	GlobalSection(ExtensibilityGlobals) = postSolution
		SolutionGuid = {B6BDCACE-CD83-4DEE-A8C1-39F78C845B55}
	EndGlobalSection
EndGlobal
