
Microsoft Visual Studio Solution File, Format Version 12.00
# Visual Studio Version 16
VisualStudioVersion = 16.0.31025.194
MinimumVisualStudioVersion = 10.0.40219.1
Project("{FAE04EC0-301F-11D3-BF4B-00C04F79EFBC}") = "Array", "Array\Array.csproj", "{74FB3A16-EF37-4BD6-AEEE-56E9C0E57BAF}"
EndProject
Global
	GlobalSection(SolutionConfigurationPlatforms) = preSolution
		Debug|Any CPU = Debug|Any CPU
		Release|Any CPU = Release|Any CPU
	EndGlobalSection
	GlobalSection(ProjectConfigurationPlatforms) = postSolution
		{74FB3A16-EF37-4BD6-AEEE-56E9C0E57BAF}.Debug|Any CPU.ActiveCfg = Debug|Any CPU
		{74FB3A16-EF37-4BD6-AEEE-56E9C0E57BAF}.Debug|Any CPU.Build.0 = Debug|Any CPU
		{74FB3A16-EF37-4BD6-AEEE-56E9C0E57BAF}.Release|Any CPU.ActiveCfg = Release|Any CPU
		{74FB3A16-EF37-4BD6-AEEE-56E9C0E57BAF}.Release|Any CPU.Build.0 = Release|Any CPU
	EndGlobalSection
	GlobalSection(SolutionProperties) = preSolution
		HideSolutionNode = FALSE
	EndGlobalSection
	GlobalSection(ExtensibilityGlobals) = postSolution
		SolutionGuid = {A2A698B9-80A5-4B9A-B4B2-53E2E705782E}
	EndGlobalSection
EndGlobal
