
Microsoft Visual Studio Solution File, Format Version 12.00
# Visual Studio Version 16
VisualStudioVersion = 16.0.31025.194
MinimumVisualStudioVersion = 10.0.40219.1
Project("{FAE04EC0-301F-11D3-BF4B-00C04F79EFBC}") = "Work1", "Work1\Work1.csproj", "{5AAE297D-5566-48B3-90DC-D9E609F19BBF}"
EndProject
Global
	GlobalSection(SolutionConfigurationPlatforms) = preSolution
		Debug|Any CPU = Debug|Any CPU
		Release|Any CPU = Release|Any CPU
	EndGlobalSection
	GlobalSection(ProjectConfigurationPlatforms) = postSolution
		{5AAE297D-5566-48B3-90DC-D9E609F19BBF}.Debug|Any CPU.ActiveCfg = Debug|Any CPU
		{5AAE297D-5566-48B3-90DC-D9E609F19BBF}.Debug|Any CPU.Build.0 = Debug|Any CPU
		{5AAE297D-5566-48B3-90DC-D9E609F19BBF}.Release|Any CPU.ActiveCfg = Release|Any CPU
		{5AAE297D-5566-48B3-90DC-D9E609F19BBF}.Release|Any CPU.Build.0 = Release|Any CPU
	EndGlobalSection
	GlobalSection(SolutionProperties) = preSolution
		HideSolutionNode = FALSE
	EndGlobalSection
	GlobalSection(ExtensibilityGlobals) = postSolution
		SolutionGuid = {F71AB87E-585A-4B4F-B9E1-2BA5A3285FF5}
	EndGlobalSection
EndGlobal
