
Microsoft Visual Studio Solution File, Format Version 12.00
# Visual Studio Version 16
VisualStudioVersion = 16.0.31025.194
MinimumVisualStudioVersion = 10.0.40219.1
Project("{FAE04EC0-301F-11D3-BF4B-00C04F79EFBC}") = "Work2", "Work2\Work2.csproj", "{24500DB6-48B4-4976-A64A-924A6C7A2C29}"
EndProject
Global
	GlobalSection(SolutionConfigurationPlatforms) = preSolution
		Debug|Any CPU = Debug|Any CPU
		Release|Any CPU = Release|Any CPU
	EndGlobalSection
	GlobalSection(ProjectConfigurationPlatforms) = postSolution
		{24500DB6-48B4-4976-A64A-924A6C7A2C29}.Debug|Any CPU.ActiveCfg = Debug|Any CPU
		{24500DB6-48B4-4976-A64A-924A6C7A2C29}.Debug|Any CPU.Build.0 = Debug|Any CPU
		{24500DB6-48B4-4976-A64A-924A6C7A2C29}.Release|Any CPU.ActiveCfg = Release|Any CPU
		{24500DB6-48B4-4976-A64A-924A6C7A2C29}.Release|Any CPU.Build.0 = Release|Any CPU
	EndGlobalSection
	GlobalSection(SolutionProperties) = preSolution
		HideSolutionNode = FALSE
	EndGlobalSection
	GlobalSection(ExtensibilityGlobals) = postSolution
		SolutionGuid = {76C935CD-EA5B-4D8C-B1B5-94912FC9F296}
	EndGlobalSection
EndGlobal
