
Microsoft Visual Studio Solution File, Format Version 12.00
# Visual Studio Version 16
VisualStudioVersion = 16.0.31025.194
MinimumVisualStudioVersion = 10.0.40219.1
Project("{FAE04EC0-301F-11D3-BF4B-00C04F79EFBC}") = "class2Practice3", "class2Practice3\class2Practice3.csproj", "{720535C3-FC49-4E13-8424-D9A0305D4743}"
EndProject
Global
	GlobalSection(SolutionConfigurationPlatforms) = preSolution
		Debug|Any CPU = Debug|Any CPU
		Release|Any CPU = Release|Any CPU
	EndGlobalSection
	GlobalSection(ProjectConfigurationPlatforms) = postSolution
		{720535C3-FC49-4E13-8424-D9A0305D4743}.Debug|Any CPU.ActiveCfg = Debug|Any CPU
		{720535C3-FC49-4E13-8424-D9A0305D4743}.Debug|Any CPU.Build.0 = Debug|Any CPU
		{720535C3-FC49-4E13-8424-D9A0305D4743}.Release|Any CPU.ActiveCfg = Release|Any CPU
		{720535C3-FC49-4E13-8424-D9A0305D4743}.Release|Any CPU.Build.0 = Release|Any CPU
	EndGlobalSection
	GlobalSection(SolutionProperties) = preSolution
		HideSolutionNode = FALSE
	EndGlobalSection
	GlobalSection(ExtensibilityGlobals) = postSolution
		SolutionGuid = {30C2EC26-F300-4708-B8C2-9D05C427C8D4}
	EndGlobalSection
EndGlobal
